{
  "name": "audio-spectracli-extension",
  "version": "0.0.1",
  "lockfileVersion": 2,
  "requires": true,
  "packages": {
    "": {
      "name": "audio-spectracli-extension",
      "version": "0.0.1",
      "devDependencies": {
        "@types/mocha": "^10.0.9",
        "@types/node": "^22.7.9",
        "@types/vscode": "^1.70.0",
        "typescript": "^4.0.0"
      },
      "engines": {
        "vscode": "^1.70.0"
      }
    },
    "node_modules/@types/mocha": {
      "version": "10.0.9",
      "resolved": "https://registry.npmjs.org/@types/mocha/-/mocha-10.0.9.tgz",
      "integrity": "sha512-sicdRoWtYevwxjOHNMPTl3vSfJM6oyW8o1wXeI7uww6b6xHg8eBznQDNSGBCDJmsE8UMxP05JgZRtsKbTqt//Q==",
      "dev": true,
      "license": "MIT"
    },
    "node_modules/@types/node": {
      "version": "22.7.9",
      "resolved": "https://registry.npmjs.org/@types/node/-/node-22.7.9.tgz",
      "integrity": "sha512-jrTfRC7FM6nChvU7X2KqcrgquofrWLFDeYC1hKfwNWomVvrn7JIksqf344WN2X/y8xrgqBd2dJATZV4GbatBfg==",
      "dev": true,
      "license": "MIT",
      "dependencies": {
        "undici-types": "~6.19.2"
      }
    },
    "node_modules/@types/vscode": {
      "version": "1.93.0",
      "resolved": "https://registry.npmjs.org/@types/vscode/-/vscode-1.93.0.tgz",
      "integrity": "sha512-kUK6jAHSR5zY8ps42xuW89NLcBpw1kOabah7yv38J8MyiYuOHxLQBi0e7zeXbQgVefDy/mZZetqEFC+Fl5eIEQ==",
      "dev": true
    },
    "node_modules/typescript": {
      "version": "4.9.5",
      "resolved": "https://registry.npmjs.org/typescript/-/typescript-4.9.5.tgz",
      "integrity": "sha512-1FXk9E2Hm+QzZQ7z+McJiHL4NW1F2EzMu9Nq9i3zAaGqibafqYwCVU6WyWAuyQRRzOlxou8xZSyXLEN8oKj24g==",
      "dev": true,
      "license": "Apache-2.0",
      "bin": {
        "tsc": "bin/tsc",
        "tsserver": "bin/tsserver"
      },
      "engines": {
        "node": ">=4.2.0"
      }
    },
    "node_modules/undici-types": {
      "version": "6.19.8",
      "resolved": "https://registry.npmjs.org/undici-types/-/undici-types-6.19.8.tgz",
      "integrity": "sha512-ve2KP6f/JnbPBFyobGHuerC9g1FYGn/F8n1LWTwNxCEzd6IfqTwUQcNXgEtmmQ6DlRrC1hrSrBnCZPokRrDHjw==",
      "dev": true,
      "license": "MIT"
    }
  },
  "dependencies": {
    "@types/mocha": {
      "version": "10.0.9",
      "resolved": "https://registry.npmjs.org/@types/mocha/-/mocha-10.0.9.tgz",
      "integrity": "sha512-sicdRoWtYevwxjOHNMPTl3vSfJM6oyW8o1wXeI7uww6b6xHg8eBznQDNSGBCDJmsE8UMxP05JgZRtsKbTqt//Q==",
      "dev": true
    },
    "@types/node": {
      "version": "22.7.9",
      "resolved": "https://registry.npmjs.org/@types/node/-/node-22.7.9.tgz",
      "integrity": "sha512-jrTfRC7FM6nChvU7X2KqcrgquofrWLFDeYC1hKfwNWomVvrn7JIksqf344WN2X/y8xrgqBd2dJATZV4GbatBfg==",
      "dev": true,
      "requires": {
        "undici-types": "~6.19.2"
      }
    },
    "@types/vscode": {
      "version": "1.93.0",
      "resolved": "https://registry.npmjs.org/@types/vscode/-/vscode-1.93.0.tgz",
      "integrity": "sha512-kUK6jAHSR5zY8ps42xuW89NLcBpw1kOabah7yv38J8MyiYuOHxLQBi0e7zeXbQgVefDy/mZZetqEFC+Fl5eIEQ==",
      "dev": true
    },
    "typescript": {
      "version": "4.9.5",
      "resolved": "https://registry.npmjs.org/typescript/-/typescript-4.9.5.tgz",
      "integrity": "sha512-1FXk9E2Hm+QzZQ7z+McJiHL4NW1F2EzMu9Nq9i3zAaGqibafqYwCVU6WyWAuyQRRzOlxou8xZSyXLEN8oKj24g==",
      "dev": true
    },
    "undici-types": {
      "version": "6.19.8",
      "resolved": "https://registry.npmjs.org/undici-types/-/undici-types-6.19.8.tgz",
      "integrity": "sha512-ve2KP6f/JnbPBFyobGHuerC9g1FYGn/F8n1LWTwNxCEzd6IfqTwUQcNXgEtmmQ6DlRrC1hrSrBnCZPokRrDHjw==",
      "dev": true
    }
  }
}
